{
  "name": "junkaway",
  "version": "0.1.0",
  "lockfileVersion": 1,
  "requires": true,
  "dependencies": {
    "node-spamd": {
      "version": "0.0.4",
      "resolved": "https://registry.npmjs.org/node-spamd/-/node-spamd-0.0.4.tgz",
      "integrity": "sha1-4nZw3+4I780u4rbrpg47bSsKU2k="
    }
  }
}
